
Microsoft Visual Studio Solution File, Format Version 12.00
# Visual Studio Version 17
VisualStudioVersion = 17.11.35303.130
MinimumVisualStudioVersion = 10.0.40219.1
Project("{FAE04EC0-301F-11D3-BF4B-00C04F79EFBC}") = "ConsoleApp1", "ConsoleApp1\ConsoleApp1.csproj", "{B448B397-3026-4D49-AC4F-2068B3708385}"
EndProject
Global
	GlobalSection(SolutionConfigurationPlatforms) = preSolution
		Debug|Any CPU = Debug|Any CPU
		Release|Any CPU = Release|Any CPU
	EndGlobalSection
	GlobalSection(ProjectConfigurationPlatforms) = postSolution
		{B448B397-3026-4D49-AC4F-2068B3708385}.Debug|Any CPU.ActiveCfg = Debug|Any CPU
		{B448B397-3026-4D49-AC4F-2068B3708385}.Debug|Any CPU.Build.0 = Debug|Any CPU
		{B448B397-3026-4D49-AC4F-2068B3708385}.Release|Any CPU.ActiveCfg = Release|Any CPU
		{B448B397-3026-4D49-AC4F-2068B3708385}.Release|Any CPU.Build.0 = Release|Any CPU
	EndGlobalSection
	GlobalSection(SolutionProperties) = preSolution
		HideSolutionNode = FALSE
	EndGlobalSection
	GlobalSection(ExtensibilityGlobals) = postSolution
		SolutionGuid = {2204E3A0-70F5-4EDE-816C-6BD7E3466EC0}
	EndGlobalSection
EndGlobal
